
Microsoft Visual Studio Solution File, Format Version 12.00
# Visual Studio 15
VisualStudioVersion = 15.0.28307.572
MinimumVisualStudioVersion = 10.0.40219.1
Project("{FAE04EC0-301F-11D3-BF4B-00C04F79EFBC}") = "AspNetCore_Template02", "AspNetCore_Template02\AspNetCore_Template02.csproj", "{F58C3867-696C-4348-881A-54A4BACECF2E}"
EndProject
Global
	GlobalSection(SolutionConfigurationPlatforms) = preSolution
		Debug|Any CPU = Debug|Any CPU
		Release|Any CPU = Release|Any CPU
	EndGlobalSection
	GlobalSection(ProjectConfigurationPlatforms) = postSolution
		{F58C3867-696C-4348-881A-54A4BACECF2E}.Debug|Any CPU.ActiveCfg = Debug|Any CPU
		{F58C3867-696C-4348-881A-54A4BACECF2E}.Debug|Any CPU.Build.0 = Debug|Any CPU
		{F58C3867-696C-4348-881A-54A4BACECF2E}.Release|Any CPU.ActiveCfg = Release|Any CPU
		{F58C3867-696C-4348-881A-54A4BACECF2E}.Release|Any CPU.Build.0 = Release|Any CPU
	EndGlobalSection
	GlobalSection(SolutionProperties) = preSolution
		HideSolutionNode = FALSE
	EndGlobalSection
	GlobalSection(ExtensibilityGlobals) = postSolution
		SolutionGuid = {77FC69B5-1D6D-4D25-AE9A-3AC4F4E9C121}
	EndGlobalSection
EndGlobal
